
Microsoft Visual Studio Solution File, Format Version 12.00
# Visual Studio Version 17
VisualStudioVersion = 17.10.35013.160
MinimumVisualStudioVersion = 10.0.40219.1
Project("{9A19103F-16F7-4668-BE54-9A1E7A4F7556}") = "Freelasync.API", "Freelasync.API\Freelasync.API.csproj", "{BE143284-B680-4CA2-9802-33EE85F97334}"
EndProject
Project("{9A19103F-16F7-4668-BE54-9A1E7A4F7556}") = "Freelasync.Core", "Freelasync.Core\Freelasync.Core\Freelasync.Core.csproj", "{EE0FAFE1-7266-4966-AAD9-0E6405A7180C}"
EndProject
Project("{9A19103F-16F7-4668-BE54-9A1E7A4F7556}") = "Freelasync.Infrastructure", "Freelasunc.Infrastructure\Freelasync.Infrastructure\Freelasync.Infrastructure.csproj", "{2E3649E8-A3C1-415F-8B31-60E5E08F2A3D}"
EndProject
Project("{FAE04EC0-301F-11D3-BF4B-00C04F79EFBC}") = "Freelasync.Application", "Freelasync.Application\Freelasync.Application.csproj", "{A0B238D7-FF39-4B89-AEC8-CC88BA48C6E8}"
EndProject
Global
	GlobalSection(SolutionConfigurationPlatforms) = preSolution
		Debug|Any CPU = Debug|Any CPU
		Release|Any CPU = Release|Any CPU
	EndGlobalSection
	GlobalSection(ProjectConfigurationPlatforms) = postSolution
		{BE143284-B680-4CA2-9802-33EE85F97334}.Debug|Any CPU.ActiveCfg = Debug|Any CPU
		{BE143284-B680-4CA2-9802-33EE85F97334}.Debug|Any CPU.Build.0 = Debug|Any CPU
		{BE143284-B680-4CA2-9802-33EE85F97334}.Release|Any CPU.ActiveCfg = Release|Any CPU
		{BE143284-B680-4CA2-9802-33EE85F97334}.Release|Any CPU.Build.0 = Release|Any CPU
		{EE0FAFE1-7266-4966-AAD9-0E6405A7180C}.Debug|Any CPU.ActiveCfg = Debug|Any CPU
		{EE0FAFE1-7266-4966-AAD9-0E6405A7180C}.Debug|Any CPU.Build.0 = Debug|Any CPU
		{EE0FAFE1-7266-4966-AAD9-0E6405A7180C}.Release|Any CPU.ActiveCfg = Release|Any CPU
		{EE0FAFE1-7266-4966-AAD9-0E6405A7180C}.Release|Any CPU.Build.0 = Release|Any CPU
		{2E3649E8-A3C1-415F-8B31-60E5E08F2A3D}.Debug|Any CPU.ActiveCfg = Debug|Any CPU
		{2E3649E8-A3C1-415F-8B31-60E5E08F2A3D}.Debug|Any CPU.Build.0 = Debug|Any CPU
		{2E3649E8-A3C1-415F-8B31-60E5E08F2A3D}.Release|Any CPU.ActiveCfg = Release|Any CPU
		{2E3649E8-A3C1-415F-8B31-60E5E08F2A3D}.Release|Any CPU.Build.0 = Release|Any CPU
		{A0B238D7-FF39-4B89-AEC8-CC88BA48C6E8}.Debug|Any CPU.ActiveCfg = Debug|Any CPU
		{A0B238D7-FF39-4B89-AEC8-CC88BA48C6E8}.Debug|Any CPU.Build.0 = Debug|Any CPU
		{A0B238D7-FF39-4B89-AEC8-CC88BA48C6E8}.Release|Any CPU.ActiveCfg = Release|Any CPU
		{A0B238D7-FF39-4B89-AEC8-CC88BA48C6E8}.Release|Any CPU.Build.0 = Release|Any CPU
	EndGlobalSection
	GlobalSection(SolutionProperties) = preSolution
		HideSolutionNode = FALSE
	EndGlobalSection
	GlobalSection(ExtensibilityGlobals) = postSolution
		SolutionGuid = {87D6D03A-C3A5-4E71-81C8-B5A6F7B7621E}
	EndGlobalSection
EndGlobal
